
Microsoft Visual Studio Solution File, Format Version 12.00
# Visual Studio Version 17
VisualStudioVersion = 17.13.35818.85 d17.13
MinimumVisualStudioVersion = 10.0.40219.1
Project("{FAE04EC0-301F-11D3-BF4B-00C04F79EFBC}") = "API_Usuarios", "API_Usuarios\API_Usuarios.csproj", "{A7455367-B9A7-43FE-AD47-0F390D62B45E}"
EndProject
Global
	GlobalSection(SolutionConfigurationPlatforms) = preSolution
		Debug|Any CPU = Debug|Any CPU
		Release|Any CPU = Release|Any CPU
	EndGlobalSection
	GlobalSection(ProjectConfigurationPlatforms) = postSolution
		{A7455367-B9A7-43FE-AD47-0F390D62B45E}.Debug|Any CPU.ActiveCfg = Debug|Any CPU
		{A7455367-B9A7-43FE-AD47-0F390D62B45E}.Debug|Any CPU.Build.0 = Debug|Any CPU
		{A7455367-B9A7-43FE-AD47-0F390D62B45E}.Release|Any CPU.ActiveCfg = Release|Any CPU
		{A7455367-B9A7-43FE-AD47-0F390D62B45E}.Release|Any CPU.Build.0 = Release|Any CPU
	EndGlobalSection
	GlobalSection(SolutionProperties) = preSolution
		HideSolutionNode = FALSE
	EndGlobalSection
	GlobalSection(ExtensibilityGlobals) = postSolution
		SolutionGuid = {72AD7994-0D4F-4D0A-91F5-574F6023EEC2}
	EndGlobalSection
EndGlobal
